
Microsoft Visual Studio Solution File, Format Version 12.00
# Visual Studio 14
VisualStudioVersion = 14.0.23107.0
MinimumVisualStudioVersion = 10.0.40219.1
Project("{FAE04EC0-301F-11D3-BF4B-00C04F79EFBC}") = "Aogood", "Aogood.csproj", "{22812C71-63E6-4941-BBFD-0EEA0D2D6588}"
EndProject
Project("{FAE04EC0-301F-11D3-BF4B-00C04F79EFBC}") = "Client", "Client\Client.csproj", "{2386917B-6097-4BBD-BD69-FF176013FFCA}"
EndProject
Project("{FAE04EC0-301F-11D3-BF4B-00C04F79EFBC}") = "Server", "Server\Server.csproj", "{CB741965-83A2-431F-9AC1-0F17E2C10BCC}"
EndProject
Global
	GlobalSection(SolutionConfigurationPlatforms) = preSolution
		Debug|Any CPU = Debug|Any CPU
		Release|Any CPU = Release|Any CPU
	EndGlobalSection
	GlobalSection(ProjectConfigurationPlatforms) = postSolution
		{22812C71-63E6-4941-BBFD-0EEA0D2D6588}.Debug|Any CPU.ActiveCfg = Debug|Any CPU
		{22812C71-63E6-4941-BBFD-0EEA0D2D6588}.Debug|Any CPU.Build.0 = Debug|Any CPU
		{22812C71-63E6-4941-BBFD-0EEA0D2D6588}.Release|Any CPU.ActiveCfg = Release|Any CPU
		{22812C71-63E6-4941-BBFD-0EEA0D2D6588}.Release|Any CPU.Build.0 = Release|Any CPU
		{2386917B-6097-4BBD-BD69-FF176013FFCA}.Debug|Any CPU.ActiveCfg = Debug|Any CPU
		{2386917B-6097-4BBD-BD69-FF176013FFCA}.Debug|Any CPU.Build.0 = Debug|Any CPU
		{2386917B-6097-4BBD-BD69-FF176013FFCA}.Release|Any CPU.ActiveCfg = Release|Any CPU
		{2386917B-6097-4BBD-BD69-FF176013FFCA}.Release|Any CPU.Build.0 = Release|Any CPU
		{CB741965-83A2-431F-9AC1-0F17E2C10BCC}.Debug|Any CPU.ActiveCfg = Debug|Any CPU
		{CB741965-83A2-431F-9AC1-0F17E2C10BCC}.Debug|Any CPU.Build.0 = Debug|Any CPU
		{CB741965-83A2-431F-9AC1-0F17E2C10BCC}.Release|Any CPU.ActiveCfg = Release|Any CPU
		{CB741965-83A2-431F-9AC1-0F17E2C10BCC}.Release|Any CPU.Build.0 = Release|Any CPU
	EndGlobalSection
	GlobalSection(SolutionProperties) = preSolution
		HideSolutionNode = FALSE
	EndGlobalSection
EndGlobal
